// !$*UTF8*$!
{
	archiveVersion = 1;
	classes = {
	};
	objectVersion = 56;
	objects = {

/* Begin PBXBuildFile section */
		10DDFDC42B2BDCE400FF7B9D /* AppDelegate.swift in Sources */ = {isa = PBXBuildFile; fileRef = 10DDFDC32B2BDCE400FF7B9D /* AppDelegate.swift */; };
		10DDFDC62B2BDCE400FF7B9D /* SceneDelegate.swift in Sources */ = {isa = PBXBuildFile; fileRef = 10DDFDC52B2BDCE400FF7B9D /* SceneDelegate.swift */; };
		10DDFDC82B2BDCE400FF7B9D /* HomeViewController.swift in Sources */ = {isa = PBXBuildFile; fileRef = 10DDFDC72B2BDCE400FF7B9D /* HomeViewController.swift */; };
		10DDFDCD2B2BDCE500FF7B9D /* Assets.xcassets in Resources */ = {isa = PBXBuildFile; fileRef = 10DDFDCC2B2BDCE500FF7B9D /* Assets.xcassets */; };
		10DDFDD02B2BDCE500FF7B9D /* LaunchScreen.storyboard in Resources */ = {isa = PBXBuildFile; fileRef = 10DDFDCE2B2BDCE500FF7B9D /* LaunchScreen.storyboard */; };
		10DDFDDB2B2BDCE500FF7B9D /* PracticeRIBsTests.swift in Sources */ = {isa = PBXBuildFile; fileRef = 10DDFDDA2B2BDCE500FF7B9D /* PracticeRIBsTests.swift */; };
		10DDFDF72B2BDE5E00FF7B9D /* ModernRIBs in Frameworks */ = {isa = PBXBuildFile; productRef = 10DDFDF62B2BDE5E00FF7B9D /* ModernRIBs */; };
		10DDFDFD2B2BE7C100FF7B9D /* SuperPayDashBoardRouter.swift in Sources */ = {isa = PBXBuildFile; fileRef = 10DDFDF92B2BE7C100FF7B9D /* SuperPayDashBoardRouter.swift */; };
		10DDFDFE2B2BE7C100FF7B9D /* SuperPayDashBoardViewController.swift in Sources */ = {isa = PBXBuildFile; fileRef = 10DDFDFA2B2BE7C100FF7B9D /* SuperPayDashBoardViewController.swift */; };
		10DDFDFF2B2BE7C100FF7B9D /* SuperPayDashBoardBuilder.swift in Sources */ = {isa = PBXBuildFile; fileRef = 10DDFDFB2B2BE7C100FF7B9D /* SuperPayDashBoardBuilder.swift */; };
		10DDFE002B2BE7C100FF7B9D /* SuperPayDashBoardInteractor.swift in Sources */ = {isa = PBXBuildFile; fileRef = 10DDFDFC2B2BE7C100FF7B9D /* SuperPayDashBoardInteractor.swift */; };
/* End PBXBuildFile section */

/* Begin PBXContainerItemProxy section */
		10DDFDD72B2BDCE500FF7B9D /* PBXContainerItemProxy */ = {
			isa = PBXContainerItemProxy;
			containerPortal = 10DDFDB82B2BDCE400FF7B9D /* Project object */;
			proxyType = 1;
			remoteGlobalIDString = 10DDFDBF2B2BDCE400FF7B9D;
			remoteInfo = PracticeRIBs;
		};
/* End PBXContainerItemProxy section */

/* Begin PBXFileReference section */
		10DDFDC02B2BDCE400FF7B9D /* PracticeRIBs.app */ = {isa = PBXFileReference; explicitFileType = wrapper.application; includeInIndex = 0; path = PracticeRIBs.app; sourceTree = BUILT_PRODUCTS_DIR; };
		10DDFDC32B2BDCE400FF7B9D /* AppDelegate.swift */ = {isa = PBXFileReference; lastKnownFileType = sourcecode.swift; path = AppDelegate.swift; sourceTree = "<group>"; };
		10DDFDC52B2BDCE400FF7B9D /* SceneDelegate.swift */ = {isa = PBXFileReference; lastKnownFileType = sourcecode.swift; path = SceneDelegate.swift; sourceTree = "<group>"; };
		10DDFDC72B2BDCE400FF7B9D /* HomeViewController.swift */ = {isa = PBXFileReference; lastKnownFileType = sourcecode.swift; path = HomeViewController.swift; sourceTree = "<group>"; };
		10DDFDCC2B2BDCE500FF7B9D /* Assets.xcassets */ = {isa = PBXFileReference; lastKnownFileType = folder.assetcatalog; path = Assets.xcassets; sourceTree = "<group>"; };
		10DDFDCF2B2BDCE500FF7B9D /* Base */ = {isa = PBXFileReference; lastKnownFileType = file.storyboard; name = Base; path = Base.lproj/LaunchScreen.storyboard; sourceTree = "<group>"; };
		10DDFDD12B2BDCE500FF7B9D /* Info.plist */ = {isa = PBXFileReference; lastKnownFileType = text.plist.xml; path = Info.plist; sourceTree = "<group>"; };
		10DDFDD62B2BDCE500FF7B9D /* PracticeRIBsTests.xctest */ = {isa = PBXFileReference; explicitFileType = wrapper.cfbundle; includeInIndex = 0; path = PracticeRIBsTests.xctest; sourceTree = BUILT_PRODUCTS_DIR; };
		10DDFDDA2B2BDCE500FF7B9D /* PracticeRIBsTests.swift */ = {isa = PBXFileReference; lastKnownFileType = sourcecode.swift; path = PracticeRIBsTests.swift; sourceTree = "<group>"; };
		10DDFDF92B2BE7C100FF7B9D /* SuperPayDashBoardRouter.swift */ = {isa = PBXFileReference; lastKnownFileType = sourcecode.swift; path = SuperPayDashBoardRouter.swift; sourceTree = "<group>"; };
		10DDFDFA2B2BE7C100FF7B9D /* SuperPayDashBoardViewController.swift */ = {isa = PBXFileReference; lastKnownFileType = sourcecode.swift; path = SuperPayDashBoardViewController.swift; sourceTree = "<group>"; };
		10DDFDFB2B2BE7C100FF7B9D /* SuperPayDashBoardBuilder.swift */ = {isa = PBXFileReference; lastKnownFileType = sourcecode.swift; path = SuperPayDashBoardBuilder.swift; sourceTree = "<group>"; };
		10DDFDFC2B2BE7C100FF7B9D /* SuperPayDashBoardInteractor.swift */ = {isa = PBXFileReference; lastKnownFileType = sourcecode.swift; path = SuperPayDashBoardInteractor.swift; sourceTree = "<group>"; };
/* End PBXFileReference section */

/* Begin PBXFrameworksBuildPhase section */
		10DDFDBD2B2BDCE400FF7B9D /* Frameworks */ = {
			isa = PBXFrameworksBuildPhase;
			buildActionMask = 2147483647;
			files = (
				10DDFDF72B2BDE5E00FF7B9D /* ModernRIBs in Frameworks */,
			);
			runOnlyForDeploymentPostprocessing = 0;
		};
		10DDFDD32B2BDCE500FF7B9D /* Frameworks */ = {
			isa = PBXFrameworksBuildPhase;
			buildActionMask = 2147483647;
			files = (
			);
			runOnlyForDeploymentPostprocessing = 0;
		};
/* End PBXFrameworksBuildPhase section */

/* Begin PBXGroup section */
		10DDFDB72B2BDCE400FF7B9D = {
			isa = PBXGroup;
			children = (
				10DDFDC22B2BDCE400FF7B9D /* PracticeRIBs */,
				10DDFDD92B2BDCE500FF7B9D /* PracticeRIBsTests */,
				10DDFDC12B2BDCE400FF7B9D /* Products */,
			);
			sourceTree = "<group>";
		};
		10DDFDC12B2BDCE400FF7B9D /* Products */ = {
			isa = PBXGroup;
			children = (
				10DDFDC02B2BDCE400FF7B9D /* PracticeRIBs.app */,
				10DDFDD62B2BDCE500FF7B9D /* PracticeRIBsTests.xctest */,
			);
			name = Products;
			sourceTree = "<group>";
		};
		10DDFDC22B2BDCE400FF7B9D /* PracticeRIBs */ = {
			isa = PBXGroup;
			children = (
				10DDFDF32B2BDCF100FF7B9D /* Source */,
				10DDFDF42B2BDD0F00FF7B9D /* Application */,
				10DDFE022B2BE7F200FF7B9D /* Home */,
			);
			path = PracticeRIBs;
			sourceTree = "<group>";
		};
		10DDFDD92B2BDCE500FF7B9D /* PracticeRIBsTests */ = {
			isa = PBXGroup;
			children = (
				10DDFDDA2B2BDCE500FF7B9D /* PracticeRIBsTests.swift */,
			);
			path = PracticeRIBsTests;
			sourceTree = "<group>";
		};
		10DDFDF32B2BDCF100FF7B9D /* Source */ = {
			isa = PBXGroup;
			children = (
				10DDFDCC2B2BDCE500FF7B9D /* Assets.xcassets */,
				10DDFDCE2B2BDCE500FF7B9D /* LaunchScreen.storyboard */,
				10DDFDD12B2BDCE500FF7B9D /* Info.plist */,
			);
			path = Source;
			sourceTree = "<group>";
		};
		10DDFDF42B2BDD0F00FF7B9D /* Application */ = {
			isa = PBXGroup;
			children = (
				10DDFDC32B2BDCE400FF7B9D /* AppDelegate.swift */,
				10DDFDC52B2BDCE400FF7B9D /* SceneDelegate.swift */,
			);
			path = Application;
			sourceTree = "<group>";
		};
		10DDFE012B2BE7CD00FF7B9D /* SuperPayDashBoard */ = {
			isa = PBXGroup;
			children = (
				10DDFDF92B2BE7C100FF7B9D /* SuperPayDashBoardRouter.swift */,
				10DDFDFA2B2BE7C100FF7B9D /* SuperPayDashBoardViewController.swift */,
				10DDFDFB2B2BE7C100FF7B9D /* SuperPayDashBoardBuilder.swift */,
				10DDFDFC2B2BE7C100FF7B9D /* SuperPayDashBoardInteractor.swift */,
			);
			path = SuperPayDashBoard;
			sourceTree = "<group>";
		};
		10DDFE022B2BE7F200FF7B9D /* Home */ = {
			isa = PBXGroup;
			children = (
				10DDFE012B2BE7CD00FF7B9D /* SuperPayDashBoard */,
				10DDFDC72B2BDCE400FF7B9D /* HomeViewController.swift */,
			);
			path = Home;
			sourceTree = "<group>";
		};
/* End PBXGroup section */

/* Begin PBXNativeTarget section */
		10DDFDBF2B2BDCE400FF7B9D /* PracticeRIBs */ = {
			isa = PBXNativeTarget;
			buildConfigurationList = 10DDFDEA2B2BDCE500FF7B9D /* Build configuration list for PBXNativeTarget "PracticeRIBs" */;
			buildPhases = (
				10DDFDBC2B2BDCE400FF7B9D /* Sources */,
				10DDFDBD2B2BDCE400FF7B9D /* Frameworks */,
				10DDFDBE2B2BDCE400FF7B9D /* Resources */,
			);
			buildRules = (
			);
			dependencies = (
			);
			name = PracticeRIBs;
			packageProductDependencies = (
				10DDFDF62B2BDE5E00FF7B9D /* ModernRIBs */,
			);
			productName = PracticeRIBs;
			productReference = 10DDFDC02B2BDCE400FF7B9D /* PracticeRIBs.app */;
			productType = "com.apple.product-type.application";
		};
		10DDFDD52B2BDCE500FF7B9D /* PracticeRIBsTests */ = {
			isa = PBXNativeTarget;
			buildConfigurationList = 10DDFDED2B2BDCE500FF7B9D /* Build configuration list for PBXNativeTarget "PracticeRIBsTests" */;
			buildPhases = (
				10DDFDD22B2BDCE500FF7B9D /* Sources */,
				10DDFDD32B2BDCE500FF7B9D /* Frameworks */,
				10DDFDD42B2BDCE500FF7B9D /* Resources */,
			);
			buildRules = (
			);
			dependencies = (
				10DDFDD82B2BDCE500FF7B9D /* PBXTargetDependency */,
			);
			name = PracticeRIBsTests;
			productName = PracticeRIBsTests;
			productReference = 10DDFDD62B2BDCE500FF7B9D /* PracticeRIBsTests.xctest */;
			productType = "com.apple.product-type.bundle.unit-test";
		};
/* End PBXNativeTarget section */

/* Begin PBXProject section */
		10DDFDB82B2BDCE400FF7B9D /* Project object */ = {
			isa = PBXProject;
			attributes = {
				BuildIndependentTargetsInParallel = 1;
				LastSwiftUpdateCheck = 1500;
				LastUpgradeCheck = 1500;
				TargetAttributes = {
					10DDFDBF2B2BDCE400FF7B9D = {
						CreatedOnToolsVersion = 15.0.1;
					};
					10DDFDD52B2BDCE500FF7B9D = {
						CreatedOnToolsVersion = 15.0.1;
						TestTargetID = 10DDFDBF2B2BDCE400FF7B9D;
					};
				};
			};
			buildConfigurationList = 10DDFDBB2B2BDCE400FF7B9D /* Build configuration list for PBXProject "PracticeRIBs" */;
			compatibilityVersion = "Xcode 14.0";
			developmentRegion = en;
			hasScannedForEncodings = 0;
			knownRegions = (
				en,
				Base,
			);
			mainGroup = 10DDFDB72B2BDCE400FF7B9D;
			packageReferences = (
				10DDFDF52B2BDE5E00FF7B9D /* XCRemoteSwiftPackageReference "ModernRIBs" */,
			);
			productRefGroup = 10DDFDC12B2BDCE400FF7B9D /* Products */;
			projectDirPath = "";
			projectRoot = "";
			targets = (
				10DDFDBF2B2BDCE400FF7B9D /* PracticeRIBs */,
				10DDFDD52B2BDCE500FF7B9D /* PracticeRIBsTests */,
			);
		};
/* End PBXProject section */

/* Begin PBXResourcesBuildPhase section */
		10DDFDBE2B2BDCE400FF7B9D /* Resources */ = {
			isa = PBXResourcesBuildPhase;
			buildActionMask = 2147483647;
			files = (
				10DDFDD02B2BDCE500FF7B9D /* LaunchScreen.storyboard in Resources */,
				10DDFDCD2B2BDCE500FF7B9D /* Assets.xcassets in Resources */,
			);
			runOnlyForDeploymentPostprocessing = 0;
		};
		10DDFDD42B2BDCE500FF7B9D /* Resources */ = {
			isa = PBXResourcesBuildPhase;
			buildActionMask = 2147483647;
			files = (
			);
			runOnlyForDeploymentPostprocessing = 0;
		};
/* End PBXResourcesBuildPhase section */

/* Begin PBXSourcesBuildPhase section */
		10DDFDBC2B2BDCE400FF7B9D /* Sources */ = {
			isa = PBXSourcesBuildPhase;
			buildActionMask = 2147483647;
			files = (
				10DDFDC82B2BDCE400FF7B9D /* HomeViewController.swift in Sources */,
				10DDFDC42B2BDCE400FF7B9D /* AppDelegate.swift in Sources */,
				10DDFDFD2B2BE7C100FF7B9D /* SuperPayDashBoardRouter.swift in Sources */,
				10DDFE002B2BE7C100FF7B9D /* SuperPayDashBoardInteractor.swift in Sources */,
				10DDFDFF2B2BE7C100FF7B9D /* SuperPayDashBoardBuilder.swift in Sources */,
				10DDFDC62B2BDCE400FF7B9D /* SceneDelegate.swift in Sources */,
				10DDFDFE2B2BE7C100FF7B9D /* SuperPayDashBoardViewController.swift in Sources */,
			);
			runOnlyForDeploymentPostprocessing = 0;
		};
		10DDFDD22B2BDCE500FF7B9D /* Sources */ = {
			isa = PBXSourcesBuildPhase;
			buildActionMask = 2147483647;
			files = (
				10DDFDDB2B2BDCE500FF7B9D /* PracticeRIBsTests.swift in Sources */,
			);
			runOnlyForDeploymentPostprocessing = 0;
		};
/* End PBXSourcesBuildPhase section */

/* Begin PBXTargetDependency section */
		10DDFDD82B2BDCE500FF7B9D /* PBXTargetDependency */ = {
			isa = PBXTargetDependency;
			target = 10DDFDBF2B2BDCE400FF7B9D /* PracticeRIBs */;
			targetProxy = 10DDFDD72B2BDCE500FF7B9D /* PBXContainerItemProxy */;
		};
/* End PBXTargetDependency section */

/* Begin PBXVariantGroup section */
		10DDFDCE2B2BDCE500FF7B9D /* LaunchScreen.storyboard */ = {
			isa = PBXVariantGroup;
			children = (
				10DDFDCF2B2BDCE500FF7B9D /* Base */,
			);
			name = LaunchScreen.storyboard;
			sourceTree = "<group>";
		};
/* End PBXVariantGroup section */

/* Begin XCBuildConfiguration section */
		10DDFDE82B2BDCE500FF7B9D /* Debug */ = {
			isa = XCBuildConfiguration;
			buildSettings = {
				ALWAYS_SEARCH_USER_PATHS = NO;
				ASSETCATALOG_COMPILER_GENERATE_SWIFT_ASSET_SYMBOL_EXTENSIONS = YES;
				CLANG_ANALYZER_NONNULL = YES;
				CLANG_ANALYZER_NUMBER_OBJECT_CONVERSION = YES_AGGRESSIVE;
				CLANG_CXX_LANGUAGE_STANDARD = "gnu++20";
				CLANG_ENABLE_MODULES = YES;
				CLANG_ENABLE_OBJC_ARC = YES;
				CLANG_ENABLE_OBJC_WEAK = YES;
				CLANG_WARN_BLOCK_CAPTURE_AUTORELEASING = YES;
				CLANG_WARN_BOOL_CONVERSION = YES;
				CLANG_WARN_COMMA = YES;
				CLANG_WARN_CONSTANT_CONVERSION = YES;
				CLANG_WARN_DEPRECATED_OBJC_IMPLEMENTATIONS = YES;
				CLANG_WARN_DIRECT_OBJC_ISA_USAGE = YES_ERROR;
				CLANG_WARN_DOCUMENTATION_COMMENTS = YES;
				CLANG_WARN_EMPTY_BODY = YES;
				CLANG_WARN_ENUM_CONVERSION = YES;
				CLANG_WARN_INFINITE_RECURSION = YES;
				CLANG_WARN_INT_CONVERSION = YES;
				CLANG_WARN_NON_LITERAL_NULL_CONVERSION = YES;
				CLANG_WARN_OBJC_IMPLICIT_RETAIN_SELF = YES;
				CLANG_WARN_OBJC_LITERAL_CONVERSION = YES;
				CLANG_WARN_OBJC_ROOT_CLASS = YES_ERROR;
				CLANG_WARN_QUOTED_INCLUDE_IN_FRAMEWORK_HEADER = YES;
				CLANG_WARN_RANGE_LOOP_ANALYSIS = YES;
				CLANG_WARN_STRICT_PROTOTYPES = YES;
				CLANG_WARN_SUSPICIOUS_MOVE = YES;
				CLANG_WARN_UNGUARDED_AVAILABILITY = YES_AGGRESSIVE;
				CLANG_WARN_UNREACHABLE_CODE = YES;
				CLANG_WARN__DUPLICATE_METHOD_MATCH = YES;
				COPY_PHASE_STRIP = NO;
				DEBUG_INFORMATION_FORMAT = dwarf;
				ENABLE_STRICT_OBJC_MSGSEND = YES;
				ENABLE_TESTABILITY = YES;
				ENABLE_USER_SCRIPT_SANDBOXING = YES;
				GCC_C_LANGUAGE_STANDARD = gnu17;
				GCC_DYNAMIC_NO_PIC = NO;
				GCC_NO_COMMON_BLOCKS = YES;
				GCC_OPTIMIZATION_LEVEL = 0;
				GCC_PREPROCESSOR_DEFINITIONS = (
					"DEBUG=1",
					"$(inherited)",
				);
				GCC_WARN_64_TO_32_BIT_CONVERSION = YES;
				GCC_WARN_ABOUT_RETURN_TYPE = YES_ERROR;
				GCC_WARN_UNDECLARED_SELECTOR = YES;
				GCC_WARN_UNINITIALIZED_AUTOS = YES_AGGRESSIVE;
				GCC_WARN_UNUSED_FUNCTION = YES;
				GCC_WARN_UNUSED_VARIABLE = YES;
				IPHONEOS_DEPLOYMENT_TARGET = 17.0;
				LOCALIZATION_PREFERS_STRING_CATALOGS = YES;
				MTL_ENABLE_DEBUG_INFO = INCLUDE_SOURCE;
				MTL_FAST_MATH = YES;
				ONLY_ACTIVE_ARCH = YES;
				SDKROOT = iphoneos;
				SWIFT_ACTIVE_COMPILATION_CONDITIONS = "DEBUG $(inherited)";
				SWIFT_OPTIMIZATION_LEVEL = "-Onone";
			};
			name = Debug;
		};
		10DDFDE92B2BDCE500FF7B9D /* Release */ = {
			isa = XCBuildConfiguration;
			buildSettings = {
				ALWAYS_SEARCH_USER_PATHS = NO;
				ASSETCATALOG_COMPILER_GENERATE_SWIFT_ASSET_SYMBOL_EXTENSIONS = YES;
				CLANG_ANALYZER_NONNULL = YES;
				CLANG_ANALYZER_NUMBER_OBJECT_CONVERSION = YES_AGGRESSIVE;
				CLANG_CXX_LANGUAGE_STANDARD = "gnu++20";
				CLANG_ENABLE_MODULES = YES;
				CLANG_ENABLE_OBJC_ARC = YES;
				CLANG_ENABLE_OBJC_WEAK = YES;
				CLANG_WARN_BLOCK_CAPTURE_AUTORELEASING = YES;
				CLANG_WARN_BOOL_CONVERSION = YES;
				CLANG_WARN_COMMA = YES;
				CLANG_WARN_CONSTANT_CONVERSION = YES;
				CLANG_WARN_DEPRECATED_OBJC_IMPLEMENTATIONS = YES;
				CLANG_WARN_DIRECT_OBJC_ISA_USAGE = YES_ERROR;
				CLANG_WARN_DOCUMENTATION_COMMENTS = YES;
				CLANG_WARN_EMPTY_BODY = YES;
				CLANG_WARN_ENUM_CONVERSION = YES;
				CLANG_WARN_INFINITE_RECURSION = YES;
				CLANG_WARN_INT_CONVERSION = YES;
				CLANG_WARN_NON_LITERAL_NULL_CONVERSION = YES;
				CLANG_WARN_OBJC_IMPLICIT_RETAIN_SELF = YES;
				CLANG_WARN_OBJC_LITERAL_CONVERSION = YES;
				CLANG_WARN_OBJC_ROOT_CLASS = YES_ERROR;
				CLANG_WARN_QUOTED_INCLUDE_IN_FRAMEWORK_HEADER = YES;
				CLANG_WARN_RANGE_LOOP_ANALYSIS = YES;
				CLANG_WARN_STRICT_PROTOTYPES = YES;
				CLANG_WARN_SUSPICIOUS_MOVE = YES;
				CLANG_WARN_UNGUARDED_AVAILABILITY = YES_AGGRESSIVE;
				CLANG_WARN_UNREACHABLE_CODE = YES;
				CLANG_WARN__DUPLICATE_METHOD_MATCH = YES;
				COPY_PHASE_STRIP = NO;
				DEBUG_INFORMATION_FORMAT = "dwarf-with-dsym";
				ENABLE_NS_ASSERTIONS = NO;
				ENABLE_STRICT_OBJC_MSGSEND = YES;
				ENABLE_USER_SCRIPT_SANDBOXING = YES;
				GCC_C_LANGUAGE_STANDARD = gnu17;
				GCC_NO_COMMON_BLOCKS = YES;
				GCC_WARN_64_TO_32_BIT_CONVERSION = YES;
				GCC_WARN_ABOUT_RETURN_TYPE = YES_ERROR;
				GCC_WARN_UNDECLARED_SELECTOR = YES;
				GCC_WARN_UNINITIALIZED_AUTOS = YES_AGGRESSIVE;
				GCC_WARN_UNUSED_FUNCTION = YES;
				GCC_WARN_UNUSED_VARIABLE = YES;
				IPHONEOS_DEPLOYMENT_TARGET = 17.0;
				LOCALIZATION_PREFERS_STRING_CATALOGS = YES;
				MTL_ENABLE_DEBUG_INFO = NO;
				MTL_FAST_MATH = YES;
				SDKROOT = iphoneos;
				SWIFT_COMPILATION_MODE = wholemodule;
				VALIDATE_PRODUCT = YES;
			};
			name = Release;
		};
		10DDFDEB2B2BDCE500FF7B9D /* Debug */ = {
			isa = XCBuildConfiguration;
			buildSettings = {
				ASSETCATALOG_COMPILER_APPICON_NAME = AppIcon;
				ASSETCATALOG_COMPILER_GLOBAL_ACCENT_COLOR_NAME = AccentColor;
				CODE_SIGN_STYLE = Automatic;
				CURRENT_PROJECT_VERSION = 1;
				DEVELOPMENT_TEAM = C6UJR5J5LY;
				GENERATE_INFOPLIST_FILE = YES;
				INFOPLIST_FILE = PracticeRIBs/Source/Info.plist;
				INFOPLIST_KEY_UIApplicationSupportsIndirectInputEvents = YES;
				INFOPLIST_KEY_UILaunchStoryboardName = LaunchScreen;
				INFOPLIST_KEY_UISupportedInterfaceOrientations_iPad = "UIInterfaceOrientationPortrait UIInterfaceOrientationPortraitUpsideDown UIInterfaceOrientationLandscapeLeft UIInterfaceOrientationLandscapeRight";
				INFOPLIST_KEY_UISupportedInterfaceOrientations_iPhone = "UIInterfaceOrientationPortrait UIInterfaceOrientationLandscapeLeft UIInterfaceOrientationLandscapeRight";
				LD_RUNPATH_SEARCH_PATHS = (
					"$(inherited)",
					"@executable_path/Frameworks",
				);
				MARKETING_VERSION = 1.0;
				PRODUCT_BUNDLE_IDENTIFIER = jiheeee.PracticeRIBs;
				PRODUCT_NAME = "$(TARGET_NAME)";
				SWIFT_EMIT_LOC_STRINGS = YES;
				SWIFT_VERSION = 5.0;
				TARGETED_DEVICE_FAMILY = "1,2";
			};
			name = Debug;
		};
		10DDFDEC2B2BDCE500FF7B9D /* Release */ = {
			isa = XCBuildConfiguration;
			buildSettings = {
				ASSETCATALOG_COMPILER_APPICON_NAME = AppIcon;
				ASSETCATALOG_COMPILER_GLOBAL_ACCENT_COLOR_NAME = AccentColor;
				CODE_SIGN_STYLE = Automatic;
				CURRENT_PROJECT_VERSION = 1;
				DEVELOPMENT_TEAM = C6UJR5J5LY;
				GENERATE_INFOPLIST_FILE = YES;
				INFOPLIST_FILE = PracticeRIBs/Source/Info.plist;
				INFOPLIST_KEY_UIApplicationSupportsIndirectInputEvents = YES;
				INFOPLIST_KEY_UILaunchStoryboardName = LaunchScreen;
				INFOPLIST_KEY_UISupportedInterfaceOrientations_iPad = "UIInterfaceOrientationPortrait UIInterfaceOrientationPortraitUpsideDown UIInterfaceOrientationLandscapeLeft UIInterfaceOrientationLandscapeRight";
				INFOPLIST_KEY_UISupportedInterfaceOrientations_iPhone = "UIInterfaceOrientationPortrait UIInterfaceOrientationLandscapeLeft UIInterfaceOrientationLandscapeRight";
				LD_RUNPATH_SEARCH_PATHS = (
					"$(inherited)",
					"@executable_path/Frameworks",
				);
				MARKETING_VERSION = 1.0;
				PRODUCT_BUNDLE_IDENTIFIER = jiheeee.PracticeRIBs;
				PRODUCT_NAME = "$(TARGET_NAME)";
				SWIFT_EMIT_LOC_STRINGS = YES;
				SWIFT_VERSION = 5.0;
				TARGETED_DEVICE_FAMILY = "1,2";
			};
			name = Release;
		};
		10DDFDEE2B2BDCE500FF7B9D /* Debug */ = {
			isa = XCBuildConfiguration;
			buildSettings = {
				ALWAYS_EMBED_SWIFT_STANDARD_LIBRARIES = YES;
				BUNDLE_LOADER = "$(TEST_HOST)";
				CODE_SIGN_STYLE = Automatic;
				CURRENT_PROJECT_VERSION = 1;
				DEVELOPMENT_TEAM = C6UJR5J5LY;
				GENERATE_INFOPLIST_FILE = YES;
				IPHONEOS_DEPLOYMENT_TARGET = 17.0;
				MARKETING_VERSION = 1.0;
				PRODUCT_BUNDLE_IDENTIFIER = jiheeee.PracticeRIBsTests;
				PRODUCT_NAME = "$(TARGET_NAME)";
				SWIFT_EMIT_LOC_STRINGS = NO;
				SWIFT_VERSION = 5.0;
				TARGETED_DEVICE_FAMILY = "1,2";
				TEST_HOST = "$(BUILT_PRODUCTS_DIR)/PracticeRIBs.app/$(BUNDLE_EXECUTABLE_FOLDER_PATH)/PracticeRIBs";
			};
			name = Debug;
		};
		10DDFDEF2B2BDCE500FF7B9D /* Release */ = {
			isa = XCBuildConfiguration;
			buildSettings = {
				ALWAYS_EMBED_SWIFT_STANDARD_LIBRARIES = YES;
				BUNDLE_LOADER = "$(TEST_HOST)";
				CODE_SIGN_STYLE = Automatic;
				CURRENT_PROJECT_VERSION = 1;
				DEVELOPMENT_TEAM = C6UJR5J5LY;
				GENERATE_INFOPLIST_FILE = YES;
				IPHONEOS_DEPLOYMENT_TARGET = 17.0;
				MARKETING_VERSION = 1.0;
				PRODUCT_BUNDLE_IDENTIFIER = jiheeee.PracticeRIBsTests;
				PRODUCT_NAME = "$(TARGET_NAME)";
				SWIFT_EMIT_LOC_STRINGS = NO;
				SWIFT_VERSION = 5.0;
				TARGETED_DEVICE_FAMILY = "1,2";
				TEST_HOST = "$(BUILT_PRODUCTS_DIR)/PracticeRIBs.app/$(BUNDLE_EXECUTABLE_FOLDER_PATH)/PracticeRIBs";
			};
			name = Release;
		};
/* End XCBuildConfiguration section */

/* Begin XCConfigurationList section */
		10DDFDBB2B2BDCE400FF7B9D /* Build configuration list for PBXProject "PracticeRIBs" */ = {
			isa = XCConfigurationList;
			buildConfigurations = (
				10DDFDE82B2BDCE500FF7B9D /* Debug */,
				10DDFDE92B2BDCE500FF7B9D /* Release */,
			);
			defaultConfigurationIsVisible = 0;
			defaultConfigurationName = Release;
		};
		10DDFDEA2B2BDCE500FF7B9D /* Build configuration list for PBXNativeTarget "PracticeRIBs" */ = {
			isa = XCConfigurationList;
			buildConfigurations = (
				10DDFDEB2B2BDCE500FF7B9D /* Debug */,
				10DDFDEC2B2BDCE500FF7B9D /* Release */,
			);
			defaultConfigurationIsVisible = 0;
			defaultConfigurationName = Release;
		};
		10DDFDED2B2BDCE500FF7B9D /* Build configuration list for PBXNativeTarget "PracticeRIBsTests" */ = {
			isa = XCConfigurationList;
			buildConfigurations = (
				10DDFDEE2B2BDCE500FF7B9D /* Debug */,
				10DDFDEF2B2BDCE500FF7B9D /* Release */,
			);
			defaultConfigurationIsVisible = 0;
			defaultConfigurationName = Release;
		};
/* End XCConfigurationList section */

/* Begin XCRemoteSwiftPackageReference section */
		10DDFDF52B2BDE5E00FF7B9D /* XCRemoteSwiftPackageReference "ModernRIBs" */ = {
			isa = XCRemoteSwiftPackageReference;
			repositoryURL = "https://github.com/DevYeom/ModernRIBs";
			requirement = {
				kind = upToNextMajorVersion;
				minimumVersion = 1.0.2;
			};
		};
/* End XCRemoteSwiftPackageReference section */

/* Begin XCSwiftPackageProductDependency section */
		10DDFDF62B2BDE5E00FF7B9D /* ModernRIBs */ = {
			isa = XCSwiftPackageProductDependency;
			package = 10DDFDF52B2BDE5E00FF7B9D /* XCRemoteSwiftPackageReference "ModernRIBs" */;
			productName = ModernRIBs;
		};
/* End XCSwiftPackageProductDependency section */
	};
	rootObject = 10DDFDB82B2BDCE400FF7B9D /* Project object */;
}
